Microsoft Visual Studio Solution File, Format Version 12.00
# Visual Studio Version 17
VisualStudioVersion = 17.5.2.0
MinimumVisualStudioVersion = 10.0.40219.1
Project("{FAE04EC0-301F-11D3-BF4B-00C04F79EFBC}") = "AADConnect", "AADConnect\AADConnect.csproj", "{A8AFA5DC-5710-71D0-BA2F-EB3DC768E91E}"
EndProject
Project("{FAE04EC0-301F-11D3-BF4B-00C04F79EFBC}") = "AuthApi", "flowerapi\AuthApi.csproj", "{05923EA0-313A-F161-8B7A-CCA67CDC794A}"
EndProject
Global
	GlobalSection(SolutionConfigurationPlatforms) = preSolution
		Debug|Any CPU = Debug|Any CPU
		Release|Any CPU = Release|Any CPU
	EndGlobalSection
	GlobalSection(ProjectConfigurationPlatforms) = postSolution
		{A8AFA5DC-5710-71D0-BA2F-EB3DC768E91E}.Debug|Any CPU.ActiveCfg = Debug|Any CPU
		{A8AFA5DC-5710-71D0-BA2F-EB3DC768E91E}.Debug|Any CPU.Build.0 = Debug|Any CPU
		{A8AFA5DC-5710-71D0-BA2F-EB3DC768E91E}.Release|Any CPU.ActiveCfg = Release|Any CPU
		{A8AFA5DC-5710-71D0-BA2F-EB3DC768E91E}.Release|Any CPU.Build.0 = Release|Any CPU
		{05923EA0-313A-F161-8B7A-CCA67CDC794A}.Debug|Any CPU.ActiveCfg = Debug|Any CPU
		{05923EA0-313A-F161-8B7A-CCA67CDC794A}.Debug|Any CPU.Build.0 = Debug|Any CPU
		{05923EA0-313A-F161-8B7A-CCA67CDC794A}.Release|Any CPU.ActiveCfg = Release|Any CPU
		{05923EA0-313A-F161-8B7A-CCA67CDC794A}.Release|Any CPU.Build.0 = Release|Any CPU
	EndGlobalSection
	GlobalSection(SolutionProperties) = preSolution
		HideSolutionNode = FALSE
	EndGlobalSection
	GlobalSection(ExtensibilityGlobals) = postSolution
		SolutionGuid = {A7C1D39C-6581-43C4-8EA9-071192D02EB0}
	EndGlobalSection
EndGlobal
